
Microsoft Visual Studio Solution File, Format Version 12.00
# Visual Studio 15
VisualStudioVersion = 15.0.27703.2000
MinimumVisualStudioVersion = 10.0.40219.1
Project("{FAE04EC0-301F-11D3-BF4B-00C04F79EFBC}") = "StatisticaLibrary", "StatisticaLibrary\StatisticaLibrary.csproj", "{B1F5939B-512F-498D-9BB0-34D3CBDCE703}"
EndProject
Project("{FAE04EC0-301F-11D3-BF4B-00C04F79EFBC}") = "StatisticaLibrary.Test", "StatisticaLibrary.Test\StatisticaLibrary.Test.csproj", "{F51948D2-A348-4946-903C-B2A1B6941CF5}"
EndProject
Global
	GlobalSection(SolutionConfigurationPlatforms) = preSolution
		Debug|Any CPU = Debug|Any CPU
		Release|Any CPU = Release|Any CPU
	EndGlobalSection
	GlobalSection(ProjectConfigurationPlatforms) = postSolution
		{B1F5939B-512F-498D-9BB0-34D3CBDCE703}.Debug|Any CPU.ActiveCfg = Debug|Any CPU
		{B1F5939B-512F-498D-9BB0-34D3CBDCE703}.Debug|Any CPU.Build.0 = Debug|Any CPU
		{B1F5939B-512F-498D-9BB0-34D3CBDCE703}.Release|Any CPU.ActiveCfg = Release|Any CPU
		{B1F5939B-512F-498D-9BB0-34D3CBDCE703}.Release|Any CPU.Build.0 = Release|Any CPU
		{F51948D2-A348-4946-903C-B2A1B6941CF5}.Debug|Any CPU.ActiveCfg = Debug|Any CPU
		{F51948D2-A348-4946-903C-B2A1B6941CF5}.Debug|Any CPU.Build.0 = Debug|Any CPU
		{F51948D2-A348-4946-903C-B2A1B6941CF5}.Release|Any CPU.ActiveCfg = Release|Any CPU
		{F51948D2-A348-4946-903C-B2A1B6941CF5}.Release|Any CPU.Build.0 = Release|Any CPU
	EndGlobalSection
	GlobalSection(SolutionProperties) = preSolution
		HideSolutionNode = FALSE
	EndGlobalSection
	GlobalSection(ExtensibilityGlobals) = postSolution
		SolutionGuid = {447202ED-0B55-4C27-9AF3-21424E2D51D1}
	EndGlobalSection
EndGlobal
